
Microsoft Visual Studio Solution File, Format Version 12.00
# Visual Studio Version 17
VisualStudioVersion = 17.13.35931.197 d17.13
MinimumVisualStudioVersion = 10.0.40219.1
Project("{FAE04EC0-301F-11D3-BF4B-00C04F79EFBC}") = "Bloggie.Web", "Bloggie.Web\Bloggie.Web.csproj", "{86C119D0-5B29-4016-A02D-E4121A4C33BB}"
EndProject
Global
	GlobalSection(SolutionConfigurationPlatforms) = preSolution
		Debug|Any CPU = Debug|Any CPU
		Release|Any CPU = Release|Any CPU
	EndGlobalSection
	GlobalSection(ProjectConfigurationPlatforms) = postSolution
		{86C119D0-5B29-4016-A02D-E4121A4C33BB}.Debug|Any CPU.ActiveCfg = Debug|Any CPU
		{86C119D0-5B29-4016-A02D-E4121A4C33BB}.Debug|Any CPU.Build.0 = Debug|Any CPU
		{86C119D0-5B29-4016-A02D-E4121A4C33BB}.Release|Any CPU.ActiveCfg = Release|Any CPU
		{86C119D0-5B29-4016-A02D-E4121A4C33BB}.Release|Any CPU.Build.0 = Release|Any CPU
	EndGlobalSection
	GlobalSection(SolutionProperties) = preSolution
		HideSolutionNode = FALSE
	EndGlobalSection
	GlobalSection(ExtensibilityGlobals) = postSolution
		SolutionGuid = {BFD23116-3702-4F72-B84A-BA9C2E022603}
	EndGlobalSection
EndGlobal
